
Microsoft Visual Studio Solution File, Format Version 12.00
Project("{FAE04EC0-301F-11D3-BF4B-00C04F79EFBC}") = "Satistools.DataReader", "Satistools.DataReader\Satistools.DataReader.csproj", "{2FA1BD80-5F41-4A88-B38D-6BBEC075AB4C}"
EndProject
Project("{FAE04EC0-301F-11D3-BF4B-00C04F79EFBC}") = "Satistools.GameData", "Satistools.GameData\Satistools.GameData.csproj", "{8D481BE6-2029-44B8-BB97-798260CC9FD4}"
EndProject
Project("{2150E333-8FDC-42A3-9474-1A3956D46DE8}") = "Solution Items", "Solution Items", "{1A767ABF-7E0B-4E30-BC4F-D7FCBFC52F44}"
	ProjectSection(SolutionItems) = preProject
		README.md = README.md
		.gitignore = .gitignore
		FactoryGame.json = FactoryGame.json
	EndProjectSection
EndProject
Project("{2150E333-8FDC-42A3-9474-1A3956D46DE8}") = "Tests", "Tests", "{1B36C950-076F-4D86-9875-87248184E888}"
EndProject
Project("{FAE04EC0-301F-11D3-BF4B-00C04F79EFBC}") = "Satistools.DataReader.Test", "Satistools.DataReader.Test\Satistools.DataReader.Test.csproj", "{852B5F63-A368-42FB-A2AF-38C8F599D436}"
EndProject
Project("{FAE04EC0-301F-11D3-BF4B-00C04F79EFBC}") = "Satistools.GameData.Test", "Satistools.GameData.Test\Satistools.GameData.Test.csproj", "{1A5B0491-7105-40A0-BAFA-2EE067D8DF4A}"
EndProject
Project("{2150E333-8FDC-42A3-9474-1A3956D46DE8}") = "Common", "Common", "{E74876A2-78FA-4AC0-845F-4364E12ACBF7}"
EndProject
Project("{FAE04EC0-301F-11D3-BF4B-00C04F79EFBC}") = "Satistools.ModelTest", "Satistools.ModelTest\Satistools.ModelTest.csproj", "{7680AEEC-B421-445B-A144-ED226614382B}"
EndProject
Project("{FAE04EC0-301F-11D3-BF4B-00C04F79EFBC}") = "Satistools.Web", "Satistools.Web\Satistools.Web.csproj", "{D9906108-E5E6-4485-AD7C-AA24689910DD}"
EndProject
Project("{2150E333-8FDC-42A3-9474-1A3956D46DE8}") = "Tools", "Tools", "{B7495254-A6B0-4A1A-87BD-40C8F34BAE95}"
EndProject
Project("{FAE04EC0-301F-11D3-BF4B-00C04F79EFBC}") = "Satistools.ImageMove", "Satistools.ImageMove\Satistools.ImageMove.csproj", "{8E0C4DF3-36FC-4CF5-BA1A-3047CDAB13B3}"
EndProject
Project("{FAE04EC0-301F-11D3-BF4B-00C04F79EFBC}") = "Satistools.Calculator", "Satistools.Calculator\Satistools.Calculator.csproj", "{6CC7143E-7EC0-48C4-9AA5-A8F5BC5ED088}"
EndProject
Project("{FAE04EC0-301F-11D3-BF4B-00C04F79EFBC}") = "Satistools.Calculator.Test", "Satistools.Calculator.Test\Satistools.Calculator.Test.csproj", "{42B8821B-B2C4-4C4E-9D65-C0B22AE8E8B4}"
EndProject
Global
	GlobalSection(SolutionConfigurationPlatforms) = preSolution
		Debug|Any CPU = Debug|Any CPU
		Release|Any CPU = Release|Any CPU
	EndGlobalSection
	GlobalSection(ProjectConfigurationPlatforms) = postSolution
		{2FA1BD80-5F41-4A88-B38D-6BBEC075AB4C}.Debug|Any CPU.ActiveCfg = Debug|Any CPU
		{2FA1BD80-5F41-4A88-B38D-6BBEC075AB4C}.Debug|Any CPU.Build.0 = Debug|Any CPU
		{2FA1BD80-5F41-4A88-B38D-6BBEC075AB4C}.Release|Any CPU.ActiveCfg = Release|Any CPU
		{2FA1BD80-5F41-4A88-B38D-6BBEC075AB4C}.Release|Any CPU.Build.0 = Release|Any CPU
		{8D481BE6-2029-44B8-BB97-798260CC9FD4}.Debug|Any CPU.ActiveCfg = Debug|Any CPU
		{8D481BE6-2029-44B8-BB97-798260CC9FD4}.Debug|Any CPU.Build.0 = Debug|Any CPU
		{8D481BE6-2029-44B8-BB97-798260CC9FD4}.Release|Any CPU.ActiveCfg = Release|Any CPU
		{8D481BE6-2029-44B8-BB97-798260CC9FD4}.Release|Any CPU.Build.0 = Release|Any CPU
		{852B5F63-A368-42FB-A2AF-38C8F599D436}.Debug|Any CPU.ActiveCfg = Debug|Any CPU
		{852B5F63-A368-42FB-A2AF-38C8F599D436}.Debug|Any CPU.Build.0 = Debug|Any CPU
		{852B5F63-A368-42FB-A2AF-38C8F599D436}.Release|Any CPU.ActiveCfg = Release|Any CPU
		{852B5F63-A368-42FB-A2AF-38C8F599D436}.Release|Any CPU.Build.0 = Release|Any CPU
		{1A5B0491-7105-40A0-BAFA-2EE067D8DF4A}.Debug|Any CPU.ActiveCfg = Debug|Any CPU
		{1A5B0491-7105-40A0-BAFA-2EE067D8DF4A}.Debug|Any CPU.Build.0 = Debug|Any CPU
		{1A5B0491-7105-40A0-BAFA-2EE067D8DF4A}.Release|Any CPU.ActiveCfg = Release|Any CPU
		{1A5B0491-7105-40A0-BAFA-2EE067D8DF4A}.Release|Any CPU.Build.0 = Release|Any CPU
		{7680AEEC-B421-445B-A144-ED226614382B}.Debug|Any CPU.ActiveCfg = Debug|Any CPU
		{7680AEEC-B421-445B-A144-ED226614382B}.Debug|Any CPU.Build.0 = Debug|Any CPU
		{7680AEEC-B421-445B-A144-ED226614382B}.Release|Any CPU.ActiveCfg = Release|Any CPU
		{7680AEEC-B421-445B-A144-ED226614382B}.Release|Any CPU.Build.0 = Release|Any CPU
		{D9906108-E5E6-4485-AD7C-AA24689910DD}.Debug|Any CPU.ActiveCfg = Debug|Any CPU
		{D9906108-E5E6-4485-AD7C-AA24689910DD}.Debug|Any CPU.Build.0 = Debug|Any CPU
		{D9906108-E5E6-4485-AD7C-AA24689910DD}.Release|Any CPU.ActiveCfg = Release|Any CPU
		{D9906108-E5E6-4485-AD7C-AA24689910DD}.Release|Any CPU.Build.0 = Release|Any CPU
		{8E0C4DF3-36FC-4CF5-BA1A-3047CDAB13B3}.Debug|Any CPU.ActiveCfg = Debug|Any CPU
		{8E0C4DF3-36FC-4CF5-BA1A-3047CDAB13B3}.Debug|Any CPU.Build.0 = Debug|Any CPU
		{8E0C4DF3-36FC-4CF5-BA1A-3047CDAB13B3}.Release|Any CPU.ActiveCfg = Release|Any CPU
		{8E0C4DF3-36FC-4CF5-BA1A-3047CDAB13B3}.Release|Any CPU.Build.0 = Release|Any CPU
		{6CC7143E-7EC0-48C4-9AA5-A8F5BC5ED088}.Debug|Any CPU.ActiveCfg = Debug|Any CPU
		{6CC7143E-7EC0-48C4-9AA5-A8F5BC5ED088}.Debug|Any CPU.Build.0 = Debug|Any CPU
		{6CC7143E-7EC0-48C4-9AA5-A8F5BC5ED088}.Release|Any CPU.ActiveCfg = Release|Any CPU
		{6CC7143E-7EC0-48C4-9AA5-A8F5BC5ED088}.Release|Any CPU.Build.0 = Release|Any CPU
		{42B8821B-B2C4-4C4E-9D65-C0B22AE8E8B4}.Debug|Any CPU.ActiveCfg = Debug|Any CPU
		{42B8821B-B2C4-4C4E-9D65-C0B22AE8E8B4}.Debug|Any CPU.Build.0 = Debug|Any CPU
		{42B8821B-B2C4-4C4E-9D65-C0B22AE8E8B4}.Release|Any CPU.ActiveCfg = Release|Any CPU
		{42B8821B-B2C4-4C4E-9D65-C0B22AE8E8B4}.Release|Any CPU.Build.0 = Release|Any CPU
	EndGlobalSection
	GlobalSection(NestedProjects) = preSolution
		{852B5F63-A368-42FB-A2AF-38C8F599D436} = {1B36C950-076F-4D86-9875-87248184E888}
		{1A5B0491-7105-40A0-BAFA-2EE067D8DF4A} = {1B36C950-076F-4D86-9875-87248184E888}
		{7680AEEC-B421-445B-A144-ED226614382B} = {E74876A2-78FA-4AC0-845F-4364E12ACBF7}
		{8E0C4DF3-36FC-4CF5-BA1A-3047CDAB13B3} = {B7495254-A6B0-4A1A-87BD-40C8F34BAE95}
		{42B8821B-B2C4-4C4E-9D65-C0B22AE8E8B4} = {1B36C950-076F-4D86-9875-87248184E888}
	EndGlobalSection
EndGlobal
